
Microsoft Visual Studio Solution File, Format Version 12.00
# Visual Studio 14
VisualStudioVersion = 14.0.25420.1
MinimumVisualStudioVersion = 10.0.40219.1
Project("{FAE04EC0-301F-11D3-BF4B-00C04F79EFBC}") = "Proyecto3_Lenguajes", "Proyecto3_Lenguajes\Proyecto3_Lenguajes.csproj", "{C6BC45E8-151A-43B4-9B88-A8926E93ECA0}"
	ProjectSection(ProjectDependencies) = postProject
		{690220CC-47E1-49CE-B6E9-8852790FFF8B} = {690220CC-47E1-49CE-B6E9-8852790FFF8B}
	EndProjectSection
EndProject
Project("{FAE04EC0-301F-11D3-BF4B-00C04F79EFBC}") = "Proyecto3_LenguajesData", "Proyecto3_LenguajesData\Proyecto3_LenguajesData.csproj", "{BDF862AA-B72E-4A4D-872F-9C279095F78B}"
EndProject
Project("{FAE04EC0-301F-11D3-BF4B-00C04F79EFBC}") = "WcfService", "WcfService\WcfService.csproj", "{690220CC-47E1-49CE-B6E9-8852790FFF8B}"
EndProject
Global
	GlobalSection(SolutionConfigurationPlatforms) = preSolution
		Debug|Any CPU = Debug|Any CPU
		Release|Any CPU = Release|Any CPU
	EndGlobalSection
	GlobalSection(ProjectConfigurationPlatforms) = postSolution
		{C6BC45E8-151A-43B4-9B88-A8926E93ECA0}.Debug|Any CPU.ActiveCfg = Debug|Any CPU
		{C6BC45E8-151A-43B4-9B88-A8926E93ECA0}.Debug|Any CPU.Build.0 = Debug|Any CPU
		{C6BC45E8-151A-43B4-9B88-A8926E93ECA0}.Release|Any CPU.ActiveCfg = Release|Any CPU
		{C6BC45E8-151A-43B4-9B88-A8926E93ECA0}.Release|Any CPU.Build.0 = Release|Any CPU
		{BDF862AA-B72E-4A4D-872F-9C279095F78B}.Debug|Any CPU.ActiveCfg = Debug|Any CPU
		{BDF862AA-B72E-4A4D-872F-9C279095F78B}.Debug|Any CPU.Build.0 = Debug|Any CPU
		{BDF862AA-B72E-4A4D-872F-9C279095F78B}.Release|Any CPU.ActiveCfg = Release|Any CPU
		{BDF862AA-B72E-4A4D-872F-9C279095F78B}.Release|Any CPU.Build.0 = Release|Any CPU
		{690220CC-47E1-49CE-B6E9-8852790FFF8B}.Debug|Any CPU.ActiveCfg = Debug|Any CPU
		{690220CC-47E1-49CE-B6E9-8852790FFF8B}.Debug|Any CPU.Build.0 = Debug|Any CPU
		{690220CC-47E1-49CE-B6E9-8852790FFF8B}.Release|Any CPU.ActiveCfg = Release|Any CPU
		{690220CC-47E1-49CE-B6E9-8852790FFF8B}.Release|Any CPU.Build.0 = Release|Any CPU
	EndGlobalSection
	GlobalSection(SolutionProperties) = preSolution
		HideSolutionNode = FALSE
	EndGlobalSection
EndGlobal
